
Microsoft Visual Studio Solution File, Format Version 12.00
# Visual Studio Version 17
VisualStudioVersion = 17.7.34202.233
MinimumVisualStudioVersion = 10.0.40219.1
Project("{FAE04EC0-301F-11D3-BF4B-00C04F79EFBC}") = "classwork29", "classwork29.csproj", "{D777C276-481B-4713-8DC8-8255ADDDF50B}"
EndProject
Global
	GlobalSection(SolutionConfigurationPlatforms) = preSolution
		Debug|Any CPU = Debug|Any CPU
		Release|Any CPU = Release|Any CPU
	EndGlobalSection
	GlobalSection(ProjectConfigurationPlatforms) = postSolution
		{D777C276-481B-4713-8DC8-8255ADDDF50B}.Debug|Any CPU.ActiveCfg = Debug|Any CPU
		{D777C276-481B-4713-8DC8-8255ADDDF50B}.Debug|Any CPU.Build.0 = Debug|Any CPU
		{D777C276-481B-4713-8DC8-8255ADDDF50B}.Release|Any CPU.ActiveCfg = Release|Any CPU
		{D777C276-481B-4713-8DC8-8255ADDDF50B}.Release|Any CPU.Build.0 = Release|Any CPU
	EndGlobalSection
	GlobalSection(SolutionProperties) = preSolution
		HideSolutionNode = FALSE
	EndGlobalSection
	GlobalSection(ExtensibilityGlobals) = postSolution
		SolutionGuid = {C6D5267A-3D78-4DCD-A82F-F44CB90F3D26}
	EndGlobalSection
EndGlobal
